{
  "version": 4,
  "terraform_version": "1.3.2",
  "serial": 324,
  "lineage": "ca63db60-94c4-e656-f07e-62caac1dd828",
  "outputs": {
    "external_ip_address_vm_1": {
      "value": "178.154.227.12",
      "type": "string"
    },
    "external_ip_address_vm_2": {
      "value": "178.154.225.73",
      "type": "string"
    },
    "internal_ip_address_vm_1": {
      "value": "192.168.10.11",
      "type": "string"
    },
    "internal_ip_address_vm_2": {
      "value": "192.168.10.26",
      "type": "string"
    }
  },
  "resources": [
    {
      "mode": "managed",
      "type": "yandex_lb_target_group",
      "name": "foo",
      "provider": "provider[\"registry.terraform.io/yandex-cloud/yandex\"]",
      "instances": [
        {
          "schema_version": 0,
          "attributes": {
            "created_at": "2022-10-13T07:05:02Z",
            "description": "",
            "folder_id": "b1go6quhdh703as66uqt",
            "id": "enp8vruvq5rsqlo5p818",
            "labels": {},
            "name": "my-target-group",
            "region_id": "ru-central1",
            "target": [
              {
                "address": "192.168.10.11",
                "subnet_id": "e9b5rqfh04i4m2b5aqad"
              },
              {
                "address": "192.168.10.26",
                "subnet_id": "e9b5rqfh04i4m2b5aqad"
              }
            ],
            "timeouts": null
          },
          "sensitive_attributes": [],
          "private": "eyJlMmJmYjczMC1lY2FhLTExZTYtOGY4OC0zNDM2M2JjN2M0YzAiOnsiY3JlYXRlIjozMDAwMDAwMDAwMDAsImRlbGV0ZSI6MzAwMDAwMDAwMDAwLCJ1cGRhdGUiOjMwMDAwMDAwMDAwMH19",
          "dependencies": [
            "module.ya_instance_1.data.yandex_compute_image.my_image",
            "module.ya_instance_1.yandex_compute_instance.vm",
            "module.ya_instance_2.data.yandex_compute_image.my_image",
            "module.ya_instance_2.yandex_compute_instance.vm",
            "yandex_vpc_network.network",
            "yandex_vpc_subnet.subnet1"
          ]
        }
      ]
    },
    {
      "mode": "managed",
      "type": "yandex_vpc_network",
      "name": "network",
      "provider": "provider[\"registry.terraform.io/yandex-cloud/yandex\"]",
      "instances": [
        {
          "schema_version": 0,
          "attributes": {
            "created_at": "2022-10-13T07:03:26Z",
            "default_security_group_id": "",
            "description": "",
            "folder_id": "b1go6quhdh703as66uqt",
            "id": "enp3heo515jjuia6nk8a",
            "labels": {},
            "name": "network",
            "subnet_ids": [
              "e9b5rqfh04i4m2b5aqad"
            ],
            "timeouts": null
          },
          "sensitive_attributes": [],
          "private": "eyJlMmJmYjczMC1lY2FhLTExZTYtOGY4OC0zNDM2M2JjN2M0YzAiOnsiY3JlYXRlIjo2MDAwMDAwMDAwMCwiZGVsZXRlIjo2MDAwMDAwMDAwMCwidXBkYXRlIjo2MDAwMDAwMDAwMH19"
        }
      ]
    },
    {
      "mode": "managed",
      "type": "yandex_vpc_subnet",
      "name": "subnet1",
      "provider": "provider[\"registry.terraform.io/yandex-cloud/yandex\"]",
      "instances": [
        {
          "schema_version": 0,
          "attributes": {
            "created_at": "2022-10-13T07:03:27Z",
            "description": "",
            "dhcp_options": [],
            "folder_id": "b1go6quhdh703as66uqt",
            "id": "e9b5rqfh04i4m2b5aqad",
            "labels": {},
            "name": "subnet1",
            "network_id": "enp3heo515jjuia6nk8a",
            "route_table_id": "",
            "timeouts": null,
            "v4_cidr_blocks": [
              "192.168.10.0/24"
            ],
            "v6_cidr_blocks": [],
            "zone": "ru-central1-a"
          },
          "sensitive_attributes": [],
          "private": "eyJlMmJmYjczMC1lY2FhLTExZTYtOGY4OC0zNDM2M2JjN2M0YzAiOnsiY3JlYXRlIjoxODAwMDAwMDAwMDAsImRlbGV0ZSI6MTgwMDAwMDAwMDAwLCJ1cGRhdGUiOjE4MDAwMDAwMDAwMH19",
          "dependencies": [
            "yandex_vpc_network.network"
          ]
        }
      ]
    },
    {
      "module": "module.ya_instance_1",
      "mode": "data",
      "type": "yandex_compute_image",
      "name": "my_image",
      "provider": "provider[\"registry.terraform.io/yandex-cloud/yandex\"]",
      "instances": [
        {
          "schema_version": 0,
          "attributes": {
            "created_at": "2022-06-20T10:43:03Z",
            "description": "LEMP",
            "family": "lemp",
            "folder_id": "standard-images",
            "id": "fd8lur056bsfs83gfnvm",
            "image_id": "fd8lur056bsfs83gfnvm",
            "labels": {},
            "min_disk_size": 3,
            "name": "lemp-v20220620",
            "os_type": "linux",
            "pooled": true,
            "product_ids": [
              "f2ec3jc5n293i5q2fkra",
              "f2el8bvfossqruqgt6sb"
            ],
            "size": 2,
            "status": "ready"
          },
          "sensitive_attributes": []
        }
      ]
    },
    {
      "module": "module.ya_instance_1",
      "mode": "managed",
      "type": "yandex_compute_instance",
      "name": "vm",
      "provider": "provider[\"registry.terraform.io/yandex-cloud/yandex\"]",
      "instances": [
        {
          "schema_version": 1,
          "attributes": {
            "allow_recreate": null,
            "allow_stopping_for_update": null,
            "boot_disk": [
              {
                "auto_delete": true,
                "device_name": "fhmfvmn3q8bs4c49seob",
                "disk_id": "fhmfvmn3q8bs4c49seob",
                "initialize_params": [
                  {
                    "block_size": 4096,
                    "description": "",
                    "image_id": "fd8lur056bsfs83gfnvm",
                    "name": "",
                    "size": 3,
                    "snapshot_id": "",
                    "type": "network-hdd"
                  }
                ],
                "mode": "READ_WRITE"
              }
            ],
            "created_at": "2022-10-13T07:04:27Z",
            "description": "",
            "folder_id": "b1go6quhdh703as66uqt",
            "fqdn": "fhmnqva3a6t3ncqf6d9n.auto.internal",
            "hostname": "",
            "id": "fhmnqva3a6t3ncqf6d9n",
            "labels": {},
            "local_disk": [],
            "metadata": {
              "ssh-keys": "ssh-rsa AAAAB3NzaC1yc2EAAAADAQABAAABgQDgduCJfPNxVFjlD1KHPYe/Z+c8Tb9L8UrOTdbyRZzEmxGGyvT9N9zfuDE3FjkyZx0K2Ijc3E9Dv31mbmIdfGWS+qgf8+BhB/OOf7VoGBd2jMGh/+xnZyzlO6f8Hc5I0W1QheuqB5CkmesWO6DvC0uXij9zJqc64ezIZ8MWjEKueI9fty1iFifv2ii4LZMZMuT7/XMMrB0ASkog1+Y2CG93fyg/xjFRCIMl0l33N8cVlB0pynkNZxwKo1k1ThrEfbVGzw0f/zMbGuE9UeX47fFAGO7PMmGadhALpvAHtdnUl4rVSh+9T1Tl23bAJvOIFWoTfz6RpImp5e9vuSz+DPOb1AGDHrlLi+yQHasKcd/DJUfl5EA2SGpxHrZzvK7sBaRX1tS1XPFCiZ3+zuqXn5vqP5Z5liQt1TkPcfBFRMN5dHW8hfShhmAufipVSw2Y6TeWs3qz47oKX4WUgjFc7Fx3R4Y/B+m9g+q4/PGE9I60hm5IY22TR5gKmB6l43OO0eU= volfling@DESKTOP-TO09KJN\r\n"
            },
            "name": "lemp",
            "network_acceleration_type": "standard",
            "network_interface": [
              {
                "dns_record": [],
                "index": 0,
                "ip_address": "192.168.10.11",
                "ipv4": true,
                "ipv6": false,
                "ipv6_address": "",
                "ipv6_dns_record": [],
                "mac_address": "d0:0d:17:d7:d4:35",
                "nat": true,
                "nat_dns_record": [],
                "nat_ip_address": "178.154.227.12",
                "nat_ip_version": "IPV4",
                "security_group_ids": [],
                "subnet_id": "e9b5rqfh04i4m2b5aqad"
              }
            ],
            "placement_policy": [
              {
                "host_affinity_rules": [],
                "placement_group_id": ""
              }
            ],
            "platform_id": "standard-v1",
            "resources": [
              {
                "core_fraction": 100,
                "cores": 2,
                "gpus": 0,
                "memory": 2
              }
            ],
            "scheduling_policy": [
              {
                "preemptible": false
              }
            ],
            "secondary_disk": [],
            "service_account_id": "",
            "status": "running",
            "timeouts": null,
            "zone": "ru-central1-a"
          },
          "sensitive_attributes": [],
          "private": "eyJlMmJmYjczMC1lY2FhLTExZTYtOGY4OC0zNDM2M2JjN2M0YzAiOnsiY3JlYXRlIjozMDAwMDAwMDAwMDAsImRlbGV0ZSI6MzAwMDAwMDAwMDAwLCJ1cGRhdGUiOjMwMDAwMDAwMDAwMH0sInNjaGVtYV92ZXJzaW9uIjoiMSJ9",
          "dependencies": [
            "module.ya_instance_1.data.yandex_compute_image.my_image",
            "yandex_vpc_network.network",
            "yandex_vpc_subnet.subnet1"
          ]
        }
      ]
    },
    {
      "module": "module.ya_instance_2",
      "mode": "data",
      "type": "yandex_compute_image",
      "name": "my_image",
      "provider": "provider[\"registry.terraform.io/yandex-cloud/yandex\"]",
      "instances": [
        {
          "schema_version": 0,
          "attributes": {
            "created_at": "2022-09-05T10:46:05Z",
            "description": "LAMP",
            "family": "lamp",
            "folder_id": "standard-images",
            "id": "fd8pud26a17jdkbf9ecb",
            "image_id": "fd8pud26a17jdkbf9ecb",
            "labels": {},
            "min_disk_size": 3,
            "name": "lamp-v20220905",
            "os_type": "linux",
            "pooled": true,
            "product_ids": [
              "f2e82m62kd032hrqpvkk",
              "f2env04lup1ac371q0cv"
            ],
            "size": 2,
            "status": "ready"
          },
          "sensitive_attributes": []
        }
      ]
    },
    {
      "module": "module.ya_instance_2",
      "mode": "managed",
      "type": "yandex_compute_instance",
      "name": "vm",
      "provider": "provider[\"registry.terraform.io/yandex-cloud/yandex\"]",
      "instances": [
        {
          "schema_version": 1,
          "attributes": {
            "allow_recreate": null,
            "allow_stopping_for_update": null,
            "boot_disk": [
              {
                "auto_delete": true,
                "device_name": "fhm1khp5d65ki8cf7808",
                "disk_id": "fhm1khp5d65ki8cf7808",
                "initialize_params": [
                  {
                    "block_size": 4096,
                    "description": "",
                    "image_id": "fd8pud26a17jdkbf9ecb",
                    "name": "",
                    "size": 3,
                    "snapshot_id": "",
                    "type": "network-hdd"
                  }
                ],
                "mode": "READ_WRITE"
              }
            ],
            "created_at": "2022-10-13T07:04:27Z",
            "description": "",
            "folder_id": "b1go6quhdh703as66uqt",
            "fqdn": "fhm93hksoacsqt70cdnn.auto.internal",
            "hostname": "",
            "id": "fhm93hksoacsqt70cdnn",
            "labels": {},
            "local_disk": [],
            "metadata": {
              "ssh-keys": "ssh-rsa AAAAB3NzaC1yc2EAAAADAQABAAABgQDgduCJfPNxVFjlD1KHPYe/Z+c8Tb9L8UrOTdbyRZzEmxGGyvT9N9zfuDE3FjkyZx0K2Ijc3E9Dv31mbmIdfGWS+qgf8+BhB/OOf7VoGBd2jMGh/+xnZyzlO6f8Hc5I0W1QheuqB5CkmesWO6DvC0uXij9zJqc64ezIZ8MWjEKueI9fty1iFifv2ii4LZMZMuT7/XMMrB0ASkog1+Y2CG93fyg/xjFRCIMl0l33N8cVlB0pynkNZxwKo1k1ThrEfbVGzw0f/zMbGuE9UeX47fFAGO7PMmGadhALpvAHtdnUl4rVSh+9T1Tl23bAJvOIFWoTfz6RpImp5e9vuSz+DPOb1AGDHrlLi+yQHasKcd/DJUfl5EA2SGpxHrZzvK7sBaRX1tS1XPFCiZ3+zuqXn5vqP5Z5liQt1TkPcfBFRMN5dHW8hfShhmAufipVSw2Y6TeWs3qz47oKX4WUgjFc7Fx3R4Y/B+m9g+q4/PGE9I60hm5IY22TR5gKmB6l43OO0eU= volfling@DESKTOP-TO09KJN\r\n"
            },
            "name": "lamp",
            "network_acceleration_type": "standard",
            "network_interface": [
              {
                "dns_record": [],
                "index": 0,
                "ip_address": "192.168.10.26",
                "ipv4": true,
                "ipv6": false,
                "ipv6_address": "",
                "ipv6_dns_record": [],
                "mac_address": "d0:0d:91:c6:9c:c2",
                "nat": true,
                "nat_dns_record": [],
                "nat_ip_address": "178.154.225.73",
                "nat_ip_version": "IPV4",
                "security_group_ids": [],
                "subnet_id": "e9b5rqfh04i4m2b5aqad"
              }
            ],
            "placement_policy": [
              {
                "host_affinity_rules": [],
                "placement_group_id": ""
              }
            ],
            "platform_id": "standard-v1",
            "resources": [
              {
                "core_fraction": 100,
                "cores": 2,
                "gpus": 0,
                "memory": 2
              }
            ],
            "scheduling_policy": [
              {
                "preemptible": false
              }
            ],
            "secondary_disk": [],
            "service_account_id": "",
            "status": "running",
            "timeouts": null,
            "zone": "ru-central1-a"
          },
          "sensitive_attributes": [],
          "private": "eyJlMmJmYjczMC1lY2FhLTExZTYtOGY4OC0zNDM2M2JjN2M0YzAiOnsiY3JlYXRlIjozMDAwMDAwMDAwMDAsImRlbGV0ZSI6MzAwMDAwMDAwMDAwLCJ1cGRhdGUiOjMwMDAwMDAwMDAwMH0sInNjaGVtYV92ZXJzaW9uIjoiMSJ9",
          "dependencies": [
            "module.ya_instance_2.data.yandex_compute_image.my_image",
            "yandex_vpc_network.network",
            "yandex_vpc_subnet.subnet1"
          ]
        }
      ]
    },
    {
      "module": "module.ya_listener",
      "mode": "managed",
      "type": "yandex_lb_network_load_balancer",
      "name": "foo",
      "provider": "provider[\"registry.terraform.io/yandex-cloud/yandex\"]",
      "instances": [
        {
          "schema_version": 0,
          "attributes": {
            "attached_target_group": [
              {
                "healthcheck": [
                  {
                    "healthy_threshold": 2,
                    "http_options": [
                      {
                        "path": "/",
                        "port": 80
                      }
                    ],
                    "interval": 2,
                    "name": "http",
                    "tcp_options": [],
                    "timeout": 1,
                    "unhealthy_threshold": 2
                  }
                ],
                "target_group_id": "enp8vruvq5rsqlo5p818"
              }
            ],
            "created_at": "2022-10-13T07:05:04Z",
            "description": "",
            "folder_id": "b1go6quhdh703as66uqt",
            "id": "enprsk72kuqc08eo039u",
            "labels": {},
            "listener": [
              {
                "external_address_spec": [
                  {
                    "address": "178.154.225.219",
                    "ip_version": "ipv4"
                  }
                ],
                "internal_address_spec": [],
                "name": "my-listener",
                "port": 80,
                "protocol": "tcp",
                "target_port": 80
              }
            ],
            "name": "my-network-load-balancer",
            "region_id": "ru-central1",
            "timeouts": null,
            "type": "external"
          },
          "sensitive_attributes": [],
          "private": "eyJlMmJmYjczMC1lY2FhLTExZTYtOGY4OC0zNDM2M2JjN2M0YzAiOnsiY3JlYXRlIjozMDAwMDAwMDAwMDAsImRlbGV0ZSI6MzAwMDAwMDAwMDAwLCJ1cGRhdGUiOjMwMDAwMDAwMDAwMH19",
          "dependencies": [
            "module.ya_instance_1.data.yandex_compute_image.my_image",
            "module.ya_instance_1.yandex_compute_instance.vm",
            "module.ya_instance_2.data.yandex_compute_image.my_image",
            "module.ya_instance_2.yandex_compute_instance.vm",
            "yandex_lb_target_group.foo",
            "yandex_vpc_network.network",
            "yandex_vpc_subnet.subnet1"
          ]
        }
      ]
    }
  ],
  "check_results": []
}
